<Solution>
  <Project Path="Application/Application.csproj" />
  <Project Path="Domain/Domain.csproj" />
  <Project Path="Infrastructure/Infrastructure.csproj" />
  <Project Path="Shared/Shared.csproj" />
  <Project Path="WebApi/WebApi.csproj" />
  <Project Path="Tests/Application.UnitTests/Application.UnitTests.csproj" />
</Solution>
